// !$*UTF8*$!
{
	archiveVersion = 1;
	classes = {
	};
	objectVersion = 46;
	objects = {

/* Begin PBXBuildFile section */
		5D2AFDD16E67D4B513BA16A1 /* Logging.swift in Sources */ = {isa = PBXBuildFile; fileRef = 5D2AF50BEC4C701DE7E16CC2 /* Logging.swift */; };
		5D2AFF86FAC519411B7879DD /* Acelytic.swift in Sources */ = {isa = PBXBuildFile; fileRef = 5D2AF38AA0B606A654300AED /* Acelytic.swift */; };
		7A18FD4621E8BAFA0000C4C4 /* CoreData.framework in Frameworks */ = {isa = PBXBuildFile; fileRef = 7A18FD4521E8BAFA0000C4C4 /* CoreData.framework */; };
		7A18FD4921E8D3720000C4C4 /* AceEvent.swift in Sources */ = {isa = PBXBuildFile; fileRef = 7A18FD4821E8D3720000C4C4 /* AceEvent.swift */; };
		7A18FD4B21E8D3AA0000C4C4 /* AceEvent+CoreDataProperties.swift in Sources */ = {isa = PBXBuildFile; fileRef = 7A18FD4A21E8D3AA0000C4C4 /* AceEvent+CoreDataProperties.swift */; };
		7A18FD5521E8E44A0000C4C4 /* Acelytic.xcdatamodeld in Sources */ = {isa = PBXBuildFile; fileRef = 7A18FD5321E8E44A0000C4C4 /* Acelytic.xcdatamodeld */; };
		7AEE982321E8980200EC5C5A /* BackpressureError.swift in Sources */ = {isa = PBXBuildFile; fileRef = 7AEE980C21E8980200EC5C5A /* BackpressureError.swift */; };
		7AEE982421E8980200EC5C5A /* Response.swift in Sources */ = {isa = PBXBuildFile; fileRef = 7AEE980D21E8980200EC5C5A /* Response.swift */; };
		7AEE982521E8980200EC5C5A /* PersistanceError.swift in Sources */ = {isa = PBXBuildFile; fileRef = 7AEE980E21E8980200EC5C5A /* PersistanceError.swift */; };
		7AEE982621E8980200EC5C5A /* NetworkError.swift in Sources */ = {isa = PBXBuildFile; fileRef = 7AEE980F21E8980200EC5C5A /* NetworkError.swift */; };
		7AEE982721E8980200EC5C5A /* EventModel.swift in Sources */ = {isa = PBXBuildFile; fileRef = 7AEE981121E8980200EC5C5A /* EventModel.swift */; };
		7AEE982821E8980200EC5C5A /* EventRepository.swift in Sources */ = {isa = PBXBuildFile; fileRef = 7AEE981221E8980200EC5C5A /* EventRepository.swift */; };
		7AEE982921E8980200EC5C5A /* EventLocalDataManager.swift in Sources */ = {isa = PBXBuildFile; fileRef = 7AEE981421E8980200EC5C5A /* EventLocalDataManager.swift */; };
		7AEE982A21E8980200EC5C5A /* UIDeviceExt.swift in Sources */ = {isa = PBXBuildFile; fileRef = 7AEE981621E8980200EC5C5A /* UIDeviceExt.swift */; };
		7AEE982B21E8980200EC5C5A /* TimeChecker.swift in Sources */ = {isa = PBXBuildFile; fileRef = 7AEE981721E8980200EC5C5A /* TimeChecker.swift */; };
		7AEE982C21E8980200EC5C5A /* DeviceInfo.swift in Sources */ = {isa = PBXBuildFile; fileRef = 7AEE981821E8980200EC5C5A /* DeviceInfo.swift */; };
		7AEE982D21E8980200EC5C5A /* LocationService.swift in Sources */ = {isa = PBXBuildFile; fileRef = 7AEE981921E8980200EC5C5A /* LocationService.swift */; };
		7AEE982E21E8980200EC5C5A /* Endpoints.swift in Sources */ = {isa = PBXBuildFile; fileRef = 7AEE981B21E8980200EC5C5A /* Endpoints.swift */; };
		7AEE982F21E8980200EC5C5A /* RxAlamofireMapper.swift in Sources */ = {isa = PBXBuildFile; fileRef = 7AEE981C21E8980200EC5C5A /* RxAlamofireMapper.swift */; };
		7AEE983021E8980200EC5C5A /* TokenAdapter.swift in Sources */ = {isa = PBXBuildFile; fileRef = 7AEE981D21E8980200EC5C5A /* TokenAdapter.swift */; };
		7AEE983121E8980200EC5C5A /* RemoteDataSource.swift in Sources */ = {isa = PBXBuildFile; fileRef = 7AEE981E21E8980200EC5C5A /* RemoteDataSource.swift */; };
		7AEE983221E8980200EC5C5A /* SessionManager.swift in Sources */ = {isa = PBXBuildFile; fileRef = 7AEE981F21E8980200EC5C5A /* SessionManager.swift */; };
		7AEE983321E8980200EC5C5A /* CoreDataStore.swift in Sources */ = {isa = PBXBuildFile; fileRef = 7AEE982121E8980200EC5C5A /* CoreDataStore.swift */; };
		7AEE983421E8980200EC5C5A /* C.swift in Sources */ = {isa = PBXBuildFile; fileRef = 7AEE982221E8980200EC5C5A /* C.swift */; };
		AC12D7EC6B0D76F64AC34F9E /* Pods_Acelytic.framework in Frameworks */ = {isa = PBXBuildFile; fileRef = 6C5FCDA0CDB40C66E3BC7504 /* Pods_Acelytic.framework */; };
/* End PBXBuildFile section */

/* Begin PBXCopyFilesBuildPhase section */
		5D2AFEEB2288F067EBE0CB85 /* CopyFiles */ = {
			isa = PBXCopyFilesBuildPhase;
			buildActionMask = 2147483647;
			dstPath = "include/$(PRODUCT_NAME)";
			dstSubfolderSpec = 16;
			files = (
			);
			runOnlyForDeploymentPostprocessing = 0;
		};
/* End PBXCopyFilesBuildPhase section */

/* Begin PBXFileReference section */
		5D2AF38AA0B606A654300AED /* Acelytic.swift */ = {isa = PBXFileReference; lastKnownFileType = sourcecode.swift; path = Acelytic.swift; sourceTree = "<group>"; };
		5D2AF50BEC4C701DE7E16CC2 /* Logging.swift */ = {isa = PBXFileReference; fileEncoding = 4; lastKnownFileType = sourcecode.swift; path = Logging.swift; sourceTree = "<group>"; };
		5D2AFCD07F5B8C78D6FD81BB /* libAcelytic.a */ = {isa = PBXFileReference; explicitFileType = archive.ar; includeInIndex = 0; path = libAcelytic.a; sourceTree = BUILT_PRODUCTS_DIR; };
		6C3B4031A00F16F8D596F02C /* Pods-Acelytic.release.xcconfig */ = {isa = PBXFileReference; includeInIndex = 1; lastKnownFileType = text.xcconfig; name = "Pods-Acelytic.release.xcconfig"; path = "Pods/Target Support Files/Pods-Acelytic/Pods-Acelytic.release.xcconfig"; sourceTree = "<group>"; };
		6C5FCDA0CDB40C66E3BC7504 /* Pods_Acelytic.framework */ = {isa = PBXFileReference; explicitFileType = wrapper.framework; includeInIndex = 0; path = Pods_Acelytic.framework; sourceTree = BUILT_PRODUCTS_DIR; };
		7A18FD4521E8BAFA0000C4C4 /* CoreData.framework */ = {isa = PBXFileReference; lastKnownFileType = wrapper.framework; name = CoreData.framework; path = System/Library/Frameworks/CoreData.framework; sourceTree = SDKROOT; };
		7A18FD4821E8D3720000C4C4 /* AceEvent.swift */ = {isa = PBXFileReference; lastKnownFileType = sourcecode.swift; path = AceEvent.swift; sourceTree = "<group>"; };
		7A18FD4A21E8D3AA0000C4C4 /* AceEvent+CoreDataProperties.swift */ = {isa = PBXFileReference; lastKnownFileType = sourcecode.swift; path = "AceEvent+CoreDataProperties.swift"; sourceTree = "<group>"; };
		7A18FD5421E8E44A0000C4C4 /* Acelytic.xcdatamodel */ = {isa = PBXFileReference; lastKnownFileType = wrapper.xcdatamodel; path = Acelytic.xcdatamodel; sourceTree = "<group>"; };
		7AEE980C21E8980200EC5C5A /* BackpressureError.swift */ = {isa = PBXFileReference; fileEncoding = 4; lastKnownFileType = sourcecode.swift; path = BackpressureError.swift; sourceTree = "<group>"; };
		7AEE980D21E8980200EC5C5A /* Response.swift */ = {isa = PBXFileReference; fileEncoding = 4; lastKnownFileType = sourcecode.swift; path = Response.swift; sourceTree = "<group>"; };
		7AEE980E21E8980200EC5C5A /* PersistanceError.swift */ = {isa = PBXFileReference; fileEncoding = 4; lastKnownFileType = sourcecode.swift; path = PersistanceError.swift; sourceTree = "<group>"; };
		7AEE980F21E8980200EC5C5A /* NetworkError.swift */ = {isa = PBXFileReference; fileEncoding = 4; lastKnownFileType = sourcecode.swift; path = NetworkError.swift; sourceTree = "<group>"; };
		7AEE981121E8980200EC5C5A /* EventModel.swift */ = {isa = PBXFileReference; fileEncoding = 4; lastKnownFileType = sourcecode.swift; path = EventModel.swift; sourceTree = "<group>"; };
		7AEE981221E8980200EC5C5A /* EventRepository.swift */ = {isa = PBXFileReference; fileEncoding = 4; lastKnownFileType = sourcecode.swift; path = EventRepository.swift; sourceTree = "<group>"; };
		7AEE981421E8980200EC5C5A /* EventLocalDataManager.swift */ = {isa = PBXFileReference; fileEncoding = 4; lastKnownFileType = sourcecode.swift; path = EventLocalDataManager.swift; sourceTree = "<group>"; };
		7AEE981621E8980200EC5C5A /* UIDeviceExt.swift */ = {isa = PBXFileReference; fileEncoding = 4; lastKnownFileType = sourcecode.swift; path = UIDeviceExt.swift; sourceTree = "<group>"; };
		7AEE981721E8980200EC5C5A /* TimeChecker.swift */ = {isa = PBXFileReference; fileEncoding = 4; lastKnownFileType = sourcecode.swift; path = TimeChecker.swift; sourceTree = "<group>"; };
		7AEE981821E8980200EC5C5A /* DeviceInfo.swift */ = {isa = PBXFileReference; fileEncoding = 4; lastKnownFileType = sourcecode.swift; path = DeviceInfo.swift; sourceTree = "<group>"; };
		7AEE981921E8980200EC5C5A /* LocationService.swift */ = {isa = PBXFileReference; fileEncoding = 4; lastKnownFileType = sourcecode.swift; path = LocationService.swift; sourceTree = "<group>"; };
		7AEE981B21E8980200EC5C5A /* Endpoints.swift */ = {isa = PBXFileReference; fileEncoding = 4; lastKnownFileType = sourcecode.swift; path = Endpoints.swift; sourceTree = "<group>"; };
		7AEE981C21E8980200EC5C5A /* RxAlamofireMapper.swift */ = {isa = PBXFileReference; fileEncoding = 4; lastKnownFileType = sourcecode.swift; path = RxAlamofireMapper.swift; sourceTree = "<group>"; };
		7AEE981D21E8980200EC5C5A /* TokenAdapter.swift */ = {isa = PBXFileReference; fileEncoding = 4; lastKnownFileType = sourcecode.swift; path = TokenAdapter.swift; sourceTree = "<group>"; };
		7AEE981E21E8980200EC5C5A /* RemoteDataSource.swift */ = {isa = PBXFileReference; fileEncoding = 4; lastKnownFileType = sourcecode.swift; path = RemoteDataSource.swift; sourceTree = "<group>"; };
		7AEE981F21E8980200EC5C5A /* SessionManager.swift */ = {isa = PBXFileReference; fileEncoding = 4; lastKnownFileType = sourcecode.swift; path = SessionManager.swift; sourceTree = "<group>"; };
		7AEE982121E8980200EC5C5A /* CoreDataStore.swift */ = {isa = PBXFileReference; fileEncoding = 4; lastKnownFileType = sourcecode.swift; path = CoreDataStore.swift; sourceTree = "<group>"; };
		7AEE982221E8980200EC5C5A /* C.swift */ = {isa = PBXFileReference; fileEncoding = 4; lastKnownFileType = sourcecode.swift; path = C.swift; sourceTree = "<group>"; };
		826AE358ADE8016E6B3199AB /* Pods-Acelytic.debug.xcconfig */ = {isa = PBXFileReference; includeInIndex = 1; lastKnownFileType = text.xcconfig; name = "Pods-Acelytic.debug.xcconfig"; path = "Pods/Target Support Files/Pods-Acelytic/Pods-Acelytic.debug.xcconfig"; sourceTree = "<group>"; };
/* End PBXFileReference section */

/* Begin PBXFrameworksBuildPhase section */
		5D2AFEE95715A731543D11CE /* Frameworks */ = {
			isa = PBXFrameworksBuildPhase;
			buildActionMask = 2147483647;
			files = (
				7A18FD4621E8BAFA0000C4C4 /* CoreData.framework in Frameworks */,
				AC12D7EC6B0D76F64AC34F9E /* Pods_Acelytic.framework in Frameworks */,
			);
			runOnlyForDeploymentPostprocessing = 0;
		};
/* End PBXFrameworksBuildPhase section */

/* Begin PBXGroup section */
		40550264319F4A14BFBADA2F /* Pods */ = {
			isa = PBXGroup;
			children = (
				826AE358ADE8016E6B3199AB /* Pods-Acelytic.debug.xcconfig */,
				6C3B4031A00F16F8D596F02C /* Pods-Acelytic.release.xcconfig */,
			);
			name = Pods;
			sourceTree = "<group>";
		};
		5D2AFA76F2946BC80853978C /* Acelytic */ = {
			isa = PBXGroup;
			children = (
				7AEE981A21E8980200EC5C5A /* api */,
				7AEE982221E8980200EC5C5A /* C.swift */,
				7AEE980A21E8980200EC5C5A /* data */,
				7AEE982021E8980200EC5C5A /* db */,
				7AEE981521E8980200EC5C5A /* util */,
				5D2AF38AA0B606A654300AED /* Acelytic.swift */,
			);
			path = Acelytic;
			sourceTree = "<group>";
		};
		5D2AFD5FD2956E3AC9544F19 = {
			isa = PBXGroup;
			children = (
				7A18FD5321E8E44A0000C4C4 /* Acelytic.xcdatamodeld */,
				5D2AFE434B5546FDF70F07AE /* Products */,
				5D2AFA76F2946BC80853978C /* Acelytic */,
				40550264319F4A14BFBADA2F /* Pods */,
				A132674289C061283AD41529 /* Frameworks */,
			);
			sourceTree = "<group>";
		};
		5D2AFE434B5546FDF70F07AE /* Products */ = {
			isa = PBXGroup;
			children = (
				5D2AFCD07F5B8C78D6FD81BB /* libAcelytic.a */,
			);
			name = Products;
			sourceTree = "<group>";
		};
		7AEE980A21E8980200EC5C5A /* data */ = {
			isa = PBXGroup;
			children = (
				7AEE980B21E8980200EC5C5A /* common */,
				7AEE981021E8980200EC5C5A /* event */,
			);
			path = data;
			sourceTree = "<group>";
		};
		7AEE980B21E8980200EC5C5A /* common */ = {
			isa = PBXGroup;
			children = (
				7AEE980C21E8980200EC5C5A /* BackpressureError.swift */,
				7AEE980D21E8980200EC5C5A /* Response.swift */,
				7AEE980E21E8980200EC5C5A /* PersistanceError.swift */,
				7AEE980F21E8980200EC5C5A /* NetworkError.swift */,
			);
			path = common;
			sourceTree = "<group>";
		};
		7AEE981021E8980200EC5C5A /* event */ = {
			isa = PBXGroup;
			children = (
				7AEE981121E8980200EC5C5A /* EventModel.swift */,
				7AEE981221E8980200EC5C5A /* EventRepository.swift */,
				7AEE981321E8980200EC5C5A /* local */,
			);
			path = event;
			sourceTree = "<group>";
		};
		7AEE981321E8980200EC5C5A /* local */ = {
			isa = PBXGroup;
			children = (
				7AEE981421E8980200EC5C5A /* EventLocalDataManager.swift */,
				7A18FD4821E8D3720000C4C4 /* AceEvent.swift */,
				7A18FD4A21E8D3AA0000C4C4 /* AceEvent+CoreDataProperties.swift */,
			);
			path = local;
			sourceTree = "<group>";
		};
		7AEE981521E8980200EC5C5A /* util */ = {
			isa = PBXGroup;
			children = (
				7AEE981621E8980200EC5C5A /* UIDeviceExt.swift */,
				7AEE981721E8980200EC5C5A /* TimeChecker.swift */,
				7AEE981821E8980200EC5C5A /* DeviceInfo.swift */,
				7AEE981921E8980200EC5C5A /* LocationService.swift */,
				5D2AF50BEC4C701DE7E16CC2 /* Logging.swift */,
			);
			path = util;
			sourceTree = "<group>";
		};
		7AEE981A21E8980200EC5C5A /* api */ = {
			isa = PBXGroup;
			children = (
				7AEE981B21E8980200EC5C5A /* Endpoints.swift */,
				7AEE981C21E8980200EC5C5A /* RxAlamofireMapper.swift */,
				7AEE981D21E8980200EC5C5A /* TokenAdapter.swift */,
				7AEE981E21E8980200EC5C5A /* RemoteDataSource.swift */,
				7AEE981F21E8980200EC5C5A /* SessionManager.swift */,
			);
			path = api;
			sourceTree = "<group>";
		};
		7AEE982021E8980200EC5C5A /* db */ = {
			isa = PBXGroup;
			children = (
				7AEE982121E8980200EC5C5A /* CoreDataStore.swift */,
			);
			path = db;
			sourceTree = "<group>";
		};
		A132674289C061283AD41529 /* Frameworks */ = {
			isa = PBXGroup;
			children = (
				7A18FD4521E8BAFA0000C4C4 /* CoreData.framework */,
				6C5FCDA0CDB40C66E3BC7504 /* Pods_Acelytic.framework */,
			);
			name = Frameworks;
			sourceTree = "<group>";
		};
/* End PBXGroup section */

/* Begin PBXNativeTarget section */
		5D2AF5F903813EC312EF290A /* Acelytic */ = {
			isa = PBXNativeTarget;
			buildConfigurationList = 5D2AF3C02C0FEA1F2340CD55 /* Build configuration list for PBXNativeTarget "Acelytic" */;
			buildPhases = (
				3128708E0D547E5758EFBC7C /* [CP] Check Pods Manifest.lock */,
				5D2AF82297D6032D1BD18BDE /* Sources */,
				5D2AFEE95715A731543D11CE /* Frameworks */,
				5D2AFEEB2288F067EBE0CB85 /* CopyFiles */,
			);
			buildRules = (
			);
			dependencies = (
			);
			name = Acelytic;
			productName = Acelytic;
			productReference = 5D2AFCD07F5B8C78D6FD81BB /* libAcelytic.a */;
			productType = "com.apple.product-type.library.static";
		};
/* End PBXNativeTarget section */

/* Begin PBXProject section */
		5D2AFA81E69501D105BF6B4A /* Project object */ = {
			isa = PBXProject;
			attributes = {
				ORGANIZATIONNAME = ACE;
			};
			buildConfigurationList = 5D2AF3F4F43AE02A9E551B91 /* Build configuration list for PBXProject "Acelytic" */;
			compatibilityVersion = "Xcode 3.2";
			developmentRegion = English;
			hasScannedForEncodings = 0;
			knownRegions = (
				en,
			);
			mainGroup = 5D2AFD5FD2956E3AC9544F19;
			productRefGroup = 5D2AFE434B5546FDF70F07AE /* Products */;
			projectDirPath = "";
			projectRoot = "";
			targets = (
				5D2AF5F903813EC312EF290A /* Acelytic */,
			);
		};
/* End PBXProject section */

/* Begin PBXShellScriptBuildPhase section */
		3128708E0D547E5758EFBC7C /* [CP] Check Pods Manifest.lock */ = {
			isa = PBXShellScriptBuildPhase;
			buildActionMask = 2147483647;
			files = (
			);
			inputFileListPaths = (
			);
			inputPaths = (
				"${PODS_PODFILE_DIR_PATH}/Podfile.lock",
				"${PODS_ROOT}/Manifest.lock",
			);
			name = "[CP] Check Pods Manifest.lock";
			outputFileListPaths = (
			);
			outputPaths = (
				"$(DERIVED_FILE_DIR)/Pods-Acelytic-checkManifestLockResult.txt",
			);
			runOnlyForDeploymentPostprocessing = 0;
			shellPath = /bin/sh;
			shellScript = "diff \"${PODS_PODFILE_DIR_PATH}/Podfile.lock\" \"${PODS_ROOT}/Manifest.lock\" > /dev/null\nif [ $? != 0 ] ; then\n    # print error to STDERR\n    echo \"error: The sandbox is not in sync with the Podfile.lock. Run 'pod install' or update your CocoaPods installation.\" >&2\n    exit 1\nfi\n# This output is used by Xcode 'outputs' to avoid re-running this script phase.\necho \"SUCCESS\" > \"${SCRIPT_OUTPUT_FILE_0}\"\n";
			showEnvVarsInLog = 0;
		};
/* End PBXShellScriptBuildPhase section */

/* Begin PBXSourcesBuildPhase section */
		5D2AF82297D6032D1BD18BDE /* Sources */ = {
			isa = PBXSourcesBuildPhase;
			buildActionMask = 2147483647;
			files = (
				7A18FD5521E8E44A0000C4C4 /* Acelytic.xcdatamodeld in Sources */,
				7AEE982F21E8980200EC5C5A /* RxAlamofireMapper.swift in Sources */,
				7AEE982421E8980200EC5C5A /* Response.swift in Sources */,
				7A18FD4921E8D3720000C4C4 /* AceEvent.swift in Sources */,
				7AEE983221E8980200EC5C5A /* SessionManager.swift in Sources */,
				5D2AFF86FAC519411B7879DD /* Acelytic.swift in Sources */,
				7AEE982921E8980200EC5C5A /* EventLocalDataManager.swift in Sources */,
				7AEE982A21E8980200EC5C5A /* UIDeviceExt.swift in Sources */,
				7AEE982821E8980200EC5C5A /* EventRepository.swift in Sources */,
				7AEE982521E8980200EC5C5A /* PersistanceError.swift in Sources */,
				7A18FD4B21E8D3AA0000C4C4 /* AceEvent+CoreDataProperties.swift in Sources */,
				7AEE982621E8980200EC5C5A /* NetworkError.swift in Sources */,
				7AEE982C21E8980200EC5C5A /* DeviceInfo.swift in Sources */,
				7AEE983321E8980200EC5C5A /* CoreDataStore.swift in Sources */,
				7AEE982721E8980200EC5C5A /* EventModel.swift in Sources */,
				7AEE983121E8980200EC5C5A /* RemoteDataSource.swift in Sources */,
				7AEE983421E8980200EC5C5A /* C.swift in Sources */,
				7AEE982D21E8980200EC5C5A /* LocationService.swift in Sources */,
				7AEE982E21E8980200EC5C5A /* Endpoints.swift in Sources */,
				7AEE982321E8980200EC5C5A /* BackpressureError.swift in Sources */,
				7AEE982B21E8980200EC5C5A /* TimeChecker.swift in Sources */,
				7AEE983021E8980200EC5C5A /* TokenAdapter.swift in Sources */,
				5D2AFDD16E67D4B513BA16A1 /* Logging.swift in Sources */,
			);
			runOnlyForDeploymentPostprocessing = 0;
		};
/* End PBXSourcesBuildPhase section */

/* Begin XCBuildConfiguration section */
		5D2AF435D3687414AB194324 /* Debug */ = {
			isa = XCBuildConfiguration;
			buildSettings = {
				ALWAYS_SEARCH_USER_PATHS = NO;
				CLANG_ANALYZER_NONNULL = YES;
				CLANG_ANALYZER_NUMBER_OBJECT_CONVERSION = YES_AGGRESSIVE;
				CLANG_CXX_LANGUAGE_STANDARD = "gnu++14";
				CLANG_CXX_LIBRARY = "libc++";
				CLANG_ENABLE_MODULES = YES;
				CLANG_ENABLE_OBJC_ARC = YES;
				CLANG_ENABLE_OBJC_WEAK = YES;
				CLANG_WARN_BLOCK_CAPTURE_AUTORELEASING = YES;
				CLANG_WARN_BOOL_CONVERSION = YES;
				CLANG_WARN_COMMA = YES;
				CLANG_WARN_CONSTANT_CONVERSION = YES;
				CLANG_WARN_DEPRECATED_OBJC_IMPLEMENTATIONS = YES;
				CLANG_WARN_DIRECT_OBJC_ISA_USAGE = YES_ERROR;
				CLANG_WARN_DOCUMENTATION_COMMENTS = YES;
				CLANG_WARN_EMPTY_BODY = YES;
				CLANG_WARN_ENUM_CONVERSION = YES;
				CLANG_WARN_INFINITE_RECURSION = YES;
				CLANG_WARN_INT_CONVERSION = YES;
				CLANG_WARN_NON_LITERAL_NULL_CONVERSION = YES;
				CLANG_WARN_OBJC_IMPLICIT_RETAIN_SELF = YES;
				CLANG_WARN_OBJC_LITERAL_CONVERSION = YES;
				CLANG_WARN_OBJC_ROOT_CLASS = YES_ERROR;
				CLANG_WARN_RANGE_LOOP_ANALYSIS = YES;
				CLANG_WARN_STRICT_PROTOTYPES = YES;
				CLANG_WARN_SUSPICIOUS_MOVE = YES;
				CLANG_WARN_UNGUARDED_AVAILABILITY = YES_AGGRESSIVE;
				CLANG_WARN_UNREACHABLE_CODE = YES;
				CLANG_WARN__DUPLICATE_METHOD_MATCH = YES;
				CODE_SIGN_IDENTITY = "iPhone Developer";
				COPY_PHASE_STRIP = NO;
				DEBUG_INFORMATION_FORMAT = dwarf;
				ENABLE_STRICT_OBJC_MSGSEND = YES;
				ENABLE_TESTABILITY = YES;
				GCC_C_LANGUAGE_STANDARD = gnu11;
				GCC_DYNAMIC_NO_PIC = NO;
				GCC_NO_COMMON_BLOCKS = YES;
				GCC_OPTIMIZATION_LEVEL = 0;
				GCC_PREPROCESSOR_DEFINITIONS = (
					"DEBUG=1",
					"$(inherited)",
				);
				GCC_WARN_64_TO_32_BIT_CONVERSION = YES;
				GCC_WARN_ABOUT_RETURN_TYPE = YES_ERROR;
				GCC_WARN_UNDECLARED_SELECTOR = YES;
				GCC_WARN_UNINITIALIZED_AUTOS = YES_AGGRESSIVE;
				GCC_WARN_UNUSED_FUNCTION = YES;
				GCC_WARN_UNUSED_VARIABLE = YES;
				IPHONEOS_DEPLOYMENT_TARGET = 11.0;
				MTL_ENABLE_DEBUG_INFO = INCLUDE_SOURCE;
				MTL_FAST_MATH = YES;
				ONLY_ACTIVE_ARCH = YES;
				SDKROOT = iphoneos;
				SWIFT_ACTIVE_COMPILATION_CONDITIONS = DEBUG;
				SWIFT_OPTIMIZATION_LEVEL = "-Onone";
			};
			name = Debug;
		};
		5D2AF464ABAF9DEDBB2BBB34 /* Release */ = {
			isa = XCBuildConfiguration;
			buildSettings = {
				ALWAYS_SEARCH_USER_PATHS = NO;
				CLANG_ANALYZER_NONNULL = YES;
				CLANG_ANALYZER_NUMBER_OBJECT_CONVERSION = YES_AGGRESSIVE;
				CLANG_CXX_LANGUAGE_STANDARD = "gnu++14";
				CLANG_CXX_LIBRARY = "libc++";
				CLANG_ENABLE_MODULES = YES;
				CLANG_ENABLE_OBJC_ARC = YES;
				CLANG_ENABLE_OBJC_WEAK = YES;
				CLANG_WARN_BLOCK_CAPTURE_AUTORELEASING = YES;
				CLANG_WARN_BOOL_CONVERSION = YES;
				CLANG_WARN_COMMA = YES;
				CLANG_WARN_CONSTANT_CONVERSION = YES;
				CLANG_WARN_DEPRECATED_OBJC_IMPLEMENTATIONS = YES;
				CLANG_WARN_DIRECT_OBJC_ISA_USAGE = YES_ERROR;
				CLANG_WARN_DOCUMENTATION_COMMENTS = YES;
				CLANG_WARN_EMPTY_BODY = YES;
				CLANG_WARN_ENUM_CONVERSION = YES;
				CLANG_WARN_INFINITE_RECURSION = YES;
				CLANG_WARN_INT_CONVERSION = YES;
				CLANG_WARN_NON_LITERAL_NULL_CONVERSION = YES;
				CLANG_WARN_OBJC_IMPLICIT_RETAIN_SELF = YES;
				CLANG_WARN_OBJC_LITERAL_CONVERSION = YES;
				CLANG_WARN_OBJC_ROOT_CLASS = YES_ERROR;
				CLANG_WARN_RANGE_LOOP_ANALYSIS = YES;
				CLANG_WARN_STRICT_PROTOTYPES = YES;
				CLANG_WARN_SUSPICIOUS_MOVE = YES;
				CLANG_WARN_UNGUARDED_AVAILABILITY = YES_AGGRESSIVE;
				CLANG_WARN_UNREACHABLE_CODE = YES;
				CLANG_WARN__DUPLICATE_METHOD_MATCH = YES;
				CODE_SIGN_IDENTITY = "iPhone Developer";
				COPY_PHASE_STRIP = NO;
				DEBUG_INFORMATION_FORMAT = "dwarf-with-dsym";
				ENABLE_NS_ASSERTIONS = NO;
				ENABLE_STRICT_OBJC_MSGSEND = YES;
				GCC_C_LANGUAGE_STANDARD = gnu11;
				GCC_NO_COMMON_BLOCKS = YES;
				GCC_WARN_64_TO_32_BIT_CONVERSION = YES;
				GCC_WARN_ABOUT_RETURN_TYPE = YES_ERROR;
				GCC_WARN_UNDECLARED_SELECTOR = YES;
				GCC_WARN_UNINITIALIZED_AUTOS = YES_AGGRESSIVE;
				GCC_WARN_UNUSED_FUNCTION = YES;
				GCC_WARN_UNUSED_VARIABLE = YES;
				IPHONEOS_DEPLOYMENT_TARGET = 11.0;
				MTL_ENABLE_DEBUG_INFO = NO;
				MTL_FAST_MATH = YES;
				SDKROOT = iphoneos;
				SWIFT_OPTIMIZATION_LEVEL = "-Owholemodule";
				VALIDATE_PRODUCT = YES;
			};
			name = Release;
		};
		5D2AFB718525050180D9A8BA /* Debug */ = {
			isa = XCBuildConfiguration;
			baseConfigurationReference = 826AE358ADE8016E6B3199AB /* Pods-Acelytic.debug.xcconfig */;
			buildSettings = {
				IPHONEOS_DEPLOYMENT_TARGET = 12.0;
				OTHER_LDFLAGS = "-ObjC";
				PRODUCT_NAME = "$(TARGET_NAME)";
				SKIP_INSTALL = YES;
				SWIFT_VERSION = 4.2;
				TARGETED_DEVICE_FAMILY = "1,2";
			};
			name = Debug;
		};
		5D2AFF79D93D8DCF3816A75B /* Release */ = {
			isa = XCBuildConfiguration;
			baseConfigurationReference = 6C3B4031A00F16F8D596F02C /* Pods-Acelytic.release.xcconfig */;
			buildSettings = {
				IPHONEOS_DEPLOYMENT_TARGET = 12.0;
				OTHER_LDFLAGS = "-ObjC";
				PRODUCT_NAME = "$(TARGET_NAME)";
				SKIP_INSTALL = YES;
				SWIFT_VERSION = 4.2;
				TARGETED_DEVICE_FAMILY = "1,2";
			};
			name = Release;
		};
/* End XCBuildConfiguration section */

/* Begin XCConfigurationList section */
		5D2AF3C02C0FEA1F2340CD55 /* Build configuration list for PBXNativeTarget "Acelytic" */ = {
			isa = XCConfigurationList;
			buildConfigurations = (
				5D2AFB718525050180D9A8BA /* Debug */,
				5D2AFF79D93D8DCF3816A75B /* Release */,
			);
			defaultConfigurationIsVisible = 0;
			defaultConfigurationName = Release;
		};
		5D2AF3F4F43AE02A9E551B91 /* Build configuration list for PBXProject "Acelytic" */ = {
			isa = XCConfigurationList;
			buildConfigurations = (
				5D2AF435D3687414AB194324 /* Debug */,
				5D2AF464ABAF9DEDBB2BBB34 /* Release */,
			);
			defaultConfigurationIsVisible = 0;
			defaultConfigurationName = Release;
		};
/* End XCConfigurationList section */

/* Begin XCVersionGroup section */
		7A18FD5321E8E44A0000C4C4 /* Acelytic.xcdatamodeld */ = {
			isa = XCVersionGroup;
			children = (
				7A18FD5421E8E44A0000C4C4 /* Acelytic.xcdatamodel */,
			);
			currentVersion = 7A18FD5421E8E44A0000C4C4 /* Acelytic.xcdatamodel */;
			path = Acelytic.xcdatamodeld;
			sourceTree = "<group>";
			versionGroupType = wrapper.xcdatamodel;
		};
/* End XCVersionGroup section */
	};
	rootObject = 5D2AFA81E69501D105BF6B4A /* Project object */;
}
